{
  "version": "5",
  "specifiers": {
    "npm:hono@^4.6.0": "4.12.15",
    "npm:oracledb@^6.6.0": "6.10.0"
  },
  "npm": {
    "hono@4.12.15": {
      "integrity": "sha512-qM0jDhFEaCBb4TxoW7f53Qrpv9RBiayUHo0S52JudprkhvpjIrGoU1mnnr29Fvd1U335ZFPZQY1wlkqgfGXyLg=="
    },
    "oracledb@6.10.0": {
      "integrity": "sha512-kGUumXmrEWbSpBuKJyb9Ip3rXcNgKK6grunI3/cLPzrRvboZ6ZoLi9JQ+z6M/RIG924tY8BLflihL4CKKQAYMA==",
      "scripts": true
    }
  },
  "workspace": {
    "dependencies": [
      "npm:hono@^4.6.0",
      "npm:oracledb@^6.6.0"
    ]
  }
}
